// !$*UTF8*$!
{
	archiveVersion = 1;
	classes = {
	};
	objectVersion = 46;
	objects = {

/* Begin PBXBuildFile section */
		CE471EC81BBB64EA00F13089 /* AppDelegate.swift in Sources */ = {isa = PBXBuildFile; fileRef = CE471EC71BBB64EA00F13089 /* AppDelegate.swift */; };
		CE471ECA1BBB64EA00F13089 /* NoiseListViewController.swift in Sources */ = {isa = PBXBuildFile; fileRef = CE471EC91BBB64EA00F13089 /* NoiseListViewController.swift */; };
		CE471ECD1BBB64EA00F13089 /* Main.storyboard in Resources */ = {isa = PBXBuildFile; fileRef = CE471ECB1BBB64EA00F13089 /* Main.storyboard */; };
		CE471ED01BBB64EA00F13089 /* NoiseMaker.xcdatamodeld in Sources */ = {isa = PBXBuildFile; fileRef = CE471ECE1BBB64EA00F13089 /* NoiseMaker.xcdatamodeld */; };
		CE471ED21BBB64EA00F13089 /* Assets.xcassets in Resources */ = {isa = PBXBuildFile; fileRef = CE471ED11BBB64EA00F13089 /* Assets.xcassets */; };
		CE471ED51BBB64EA00F13089 /* LaunchScreen.storyboard in Resources */ = {isa = PBXBuildFile; fileRef = CE471ED31BBB64EA00F13089 /* LaunchScreen.storyboard */; };
		CE471EE01BBB64EA00F13089 /* NoiseMakerTests.swift in Sources */ = {isa = PBXBuildFile; fileRef = CE471EDF1BBB64EA00F13089 /* NoiseMakerTests.swift */; };
		CE471EEB1BBB64EA00F13089 /* NoiseMakerUITests.swift in Sources */ = {isa = PBXBuildFile; fileRef = CE471EEA1BBB64EA00F13089 /* NoiseMakerUITests.swift */; };
		CE57264B1BD834080080B4D9 /* Noise+CoreDataProperties.swift in Sources */ = {isa = PBXBuildFile; fileRef = CE5726491BD834080080B4D9 /* Noise+CoreDataProperties.swift */; };
		CE57264C1BD834080080B4D9 /* Noise.swift in Sources */ = {isa = PBXBuildFile; fileRef = CE57264A1BD834080080B4D9 /* Noise.swift */; };
		CEC0B88B1BCDDD4A00077CB9 /* NewNoiseViewController.swift in Sources */ = {isa = PBXBuildFile; fileRef = CEC0B88A1BCDDD4A00077CB9 /* NewNoiseViewController.swift */; };
/* End PBXBuildFile section */

/* Begin PBXContainerItemProxy section */
		CE471EDC1BBB64EA00F13089 /* PBXContainerItemProxy */ = {
			isa = PBXContainerItemProxy;
			containerPortal = CE471EBC1BBB64EA00F13089 /* Project object */;
			proxyType = 1;
			remoteGlobalIDString = CE471EC31BBB64EA00F13089;
			remoteInfo = NoiseMaker;
		};
		CE471EE71BBB64EA00F13089 /* PBXContainerItemProxy */ = {
			isa = PBXContainerItemProxy;
			containerPortal = CE471EBC1BBB64EA00F13089 /* Project object */;
			proxyType = 1;
			remoteGlobalIDString = CE471EC31BBB64EA00F13089;
			remoteInfo = NoiseMaker;
		};
/* End PBXContainerItemProxy section */

/* Begin PBXFileReference section */
		CE471EC41BBB64EA00F13089 /* NoiseMaker.app */ = {isa = PBXFileReference; explicitFileType = wrapper.application; includeInIndex = 0; path = NoiseMaker.app; sourceTree = BUILT_PRODUCTS_DIR; };
		CE471EC71BBB64EA00F13089 /* AppDelegate.swift */ = {isa = PBXFileReference; lastKnownFileType = sourcecode.swift; path = AppDelegate.swift; sourceTree = "<group>"; };
		CE471EC91BBB64EA00F13089 /* NoiseListViewController.swift */ = {isa = PBXFileReference; lastKnownFileType = sourcecode.swift; path = NoiseListViewController.swift; sourceTree = "<group>"; };
		CE471ECC1BBB64EA00F13089 /* Base */ = {isa = PBXFileReference; lastKnownFileType = file.storyboard; name = Base; path = Base.lproj/Main.storyboard; sourceTree = "<group>"; };
		CE471ECF1BBB64EA00F13089 /* NoiseMaker.xcdatamodel */ = {isa = PBXFileReference; lastKnownFileType = wrapper.xcdatamodel; path = NoiseMaker.xcdatamodel; sourceTree = "<group>"; };
		CE471ED11BBB64EA00F13089 /* Assets.xcassets */ = {isa = PBXFileReference; lastKnownFileType = folder.assetcatalog; path = Assets.xcassets; sourceTree = "<group>"; };
		CE471ED41BBB64EA00F13089 /* Base */ = {isa = PBXFileReference; lastKnownFileType = file.storyboard; name = Base; path = Base.lproj/LaunchScreen.storyboard; sourceTree = "<group>"; };
		CE471ED61BBB64EA00F13089 /* Info.plist */ = {isa = PBXFileReference; lastKnownFileType = text.plist.xml; path = Info.plist; sourceTree = "<group>"; };
		CE471EDB1BBB64EA00F13089 /* NoiseMakerTests.xctest */ = {isa = PBXFileReference; explicitFileType = wrapper.cfbundle; includeInIndex = 0; path = NoiseMakerTests.xctest; sourceTree = BUILT_PRODUCTS_DIR; };
		CE471EDF1BBB64EA00F13089 /* NoiseMakerTests.swift */ = {isa = PBXFileReference; lastKnownFileType = sourcecode.swift; path = NoiseMakerTests.swift; sourceTree = "<group>"; };
		CE471EE11BBB64EA00F13089 /* Info.plist */ = {isa = PBXFileReference; lastKnownFileType = text.plist.xml; path = Info.plist; sourceTree = "<group>"; };
		CE471EE61BBB64EA00F13089 /* NoiseMakerUITests.xctest */ = {isa = PBXFileReference; explicitFileType = wrapper.cfbundle; includeInIndex = 0; path = NoiseMakerUITests.xctest; sourceTree = BUILT_PRODUCTS_DIR; };
		CE471EEA1BBB64EA00F13089 /* NoiseMakerUITests.swift */ = {isa = PBXFileReference; lastKnownFileType = sourcecode.swift; path = NoiseMakerUITests.swift; sourceTree = "<group>"; };
		CE471EEC1BBB64EA00F13089 /* Info.plist */ = {isa = PBXFileReference; lastKnownFileType = text.plist.xml; path = Info.plist; sourceTree = "<group>"; };
		CE5726491BD834080080B4D9 /* Noise+CoreDataProperties.swift */ = {isa = PBXFileReference; fileEncoding = 4; lastKnownFileType = sourcecode.swift; name = "Noise+CoreDataProperties.swift"; path = "../Noise+CoreDataProperties.swift"; sourceTree = "<group>"; };
		CE57264A1BD834080080B4D9 /* Noise.swift */ = {isa = PBXFileReference; fileEncoding = 4; lastKnownFileType = sourcecode.swift; name = Noise.swift; path = ../Noise.swift; sourceTree = "<group>"; };
		CEC0B88A1BCDDD4A00077CB9 /* NewNoiseViewController.swift */ = {isa = PBXFileReference; fileEncoding = 4; lastKnownFileType = sourcecode.swift; path = NewNoiseViewController.swift; sourceTree = "<group>"; };
/* End PBXFileReference section */

/* Begin PBXFrameworksBuildPhase section */
		CE471EC11BBB64EA00F13089 /* Frameworks */ = {
			isa = PBXFrameworksBuildPhase;
			buildActionMask = 2147483647;
			files = (
			);
			runOnlyForDeploymentPostprocessing = 0;
		};
		CE471ED81BBB64EA00F13089 /* Frameworks */ = {
			isa = PBXFrameworksBuildPhase;
			buildActionMask = 2147483647;
			files = (
			);
			runOnlyForDeploymentPostprocessing = 0;
		};
		CE471EE31BBB64EA00F13089 /* Frameworks */ = {
			isa = PBXFrameworksBuildPhase;
			buildActionMask = 2147483647;
			files = (
			);
			runOnlyForDeploymentPostprocessing = 0;
		};
/* End PBXFrameworksBuildPhase section */

/* Begin PBXGroup section */
		CE471EBB1BBB64EA00F13089 = {
			isa = PBXGroup;
			children = (
				CE471EC61BBB64EA00F13089 /* NoiseMaker */,
				CE471EDE1BBB64EA00F13089 /* NoiseMakerTests */,
				CE471EE91BBB64EA00F13089 /* NoiseMakerUITests */,
				CE471EC51BBB64EA00F13089 /* Products */,
			);
			sourceTree = "<group>";
		};
		CE471EC51BBB64EA00F13089 /* Products */ = {
			isa = PBXGroup;
			children = (
				CE471EC41BBB64EA00F13089 /* NoiseMaker.app */,
				CE471EDB1BBB64EA00F13089 /* NoiseMakerTests.xctest */,
				CE471EE61BBB64EA00F13089 /* NoiseMakerUITests.xctest */,
			);
			name = Products;
			sourceTree = "<group>";
		};
		CE471EC61BBB64EA00F13089 /* NoiseMaker */ = {
			isa = PBXGroup;
			children = (
				CE5726491BD834080080B4D9 /* Noise+CoreDataProperties.swift */,
				CE57264A1BD834080080B4D9 /* Noise.swift */,
				CE471EC71BBB64EA00F13089 /* AppDelegate.swift */,
				CE471EC91BBB64EA00F13089 /* NoiseListViewController.swift */,
				CEC0B88A1BCDDD4A00077CB9 /* NewNoiseViewController.swift */,
				CE471ECB1BBB64EA00F13089 /* Main.storyboard */,
				CE471ED11BBB64EA00F13089 /* Assets.xcassets */,
				CE471ED31BBB64EA00F13089 /* LaunchScreen.storyboard */,
				CE471ED61BBB64EA00F13089 /* Info.plist */,
				CE471ECE1BBB64EA00F13089 /* NoiseMaker.xcdatamodeld */,
			);
			path = NoiseMaker;
			sourceTree = "<group>";
		};
		CE471EDE1BBB64EA00F13089 /* NoiseMakerTests */ = {
			isa = PBXGroup;
			children = (
				CE471EDF1BBB64EA00F13089 /* NoiseMakerTests.swift */,
				CE471EE11BBB64EA00F13089 /* Info.plist */,
			);
			path = NoiseMakerTests;
			sourceTree = "<group>";
		};
		CE471EE91BBB64EA00F13089 /* NoiseMakerUITests */ = {
			isa = PBXGroup;
			children = (
				CE471EEA1BBB64EA00F13089 /* NoiseMakerUITests.swift */,
				CE471EEC1BBB64EA00F13089 /* Info.plist */,
			);
			path = NoiseMakerUITests;
			sourceTree = "<group>";
		};
/* End PBXGroup section */

/* Begin PBXNativeTarget section */
		CE471EC31BBB64EA00F13089 /* NoiseMaker */ = {
			isa = PBXNativeTarget;
			buildConfigurationList = CE471EEF1BBB64EA00F13089 /* Build configuration list for PBXNativeTarget "NoiseMaker" */;
			buildPhases = (
				CE471EC01BBB64EA00F13089 /* Sources */,
				CE471EC11BBB64EA00F13089 /* Frameworks */,
				CE471EC21BBB64EA00F13089 /* Resources */,
			);
			buildRules = (
			);
			dependencies = (
			);
			name = NoiseMaker;
			productName = NoiseMaker;
			productReference = CE471EC41BBB64EA00F13089 /* NoiseMaker.app */;
			productType = "com.apple.product-type.application";
		};
		CE471EDA1BBB64EA00F13089 /* NoiseMakerTests */ = {
			isa = PBXNativeTarget;
			buildConfigurationList = CE471EF21BBB64EA00F13089 /* Build configuration list for PBXNativeTarget "NoiseMakerTests" */;
			buildPhases = (
				CE471ED71BBB64EA00F13089 /* Sources */,
				CE471ED81BBB64EA00F13089 /* Frameworks */,
				CE471ED91BBB64EA00F13089 /* Resources */,
			);
			buildRules = (
			);
			dependencies = (
				CE471EDD1BBB64EA00F13089 /* PBXTargetDependency */,
			);
			name = NoiseMakerTests;
			productName = NoiseMakerTests;
			productReference = CE471EDB1BBB64EA00F13089 /* NoiseMakerTests.xctest */;
			productType = "com.apple.product-type.bundle.unit-test";
		};
		CE471EE51BBB64EA00F13089 /* NoiseMakerUITests */ = {
			isa = PBXNativeTarget;
			buildConfigurationList = CE471EF51BBB64EA00F13089 /* Build configuration list for PBXNativeTarget "NoiseMakerUITests" */;
			buildPhases = (
				CE471EE21BBB64EA00F13089 /* Sources */,
				CE471EE31BBB64EA00F13089 /* Frameworks */,
				CE471EE41BBB64EA00F13089 /* Resources */,
			);
			buildRules = (
			);
			dependencies = (
				CE471EE81BBB64EA00F13089 /* PBXTargetDependency */,
			);
			name = NoiseMakerUITests;
			productName = NoiseMakerUITests;
			productReference = CE471EE61BBB64EA00F13089 /* NoiseMakerUITests.xctest */;
			productType = "com.apple.product-type.bundle.ui-testing";
		};
/* End PBXNativeTarget section */

/* Begin PBXProject section */
		CE471EBC1BBB64EA00F13089 /* Project object */ = {
			isa = PBXProject;
			attributes = {
				LastUpgradeCheck = 0700;
				ORGANIZATIONNAME = "Gerry Laplante";
				TargetAttributes = {
					CE471EC31BBB64EA00F13089 = {
						CreatedOnToolsVersion = 7.0;
					};
					CE471EDA1BBB64EA00F13089 = {
						CreatedOnToolsVersion = 7.0;
						TestTargetID = CE471EC31BBB64EA00F13089;
					};
					CE471EE51BBB64EA00F13089 = {
						CreatedOnToolsVersion = 7.0;
						TestTargetID = CE471EC31BBB64EA00F13089;
					};
				};
			};
			buildConfigurationList = CE471EBF1BBB64EA00F13089 /* Build configuration list for PBXProject "NoiseMaker" */;
			compatibilityVersion = "Xcode 3.2";
			developmentRegion = English;
			hasScannedForEncodings = 0;
			knownRegions = (
				en,
				Base,
			);
			mainGroup = CE471EBB1BBB64EA00F13089;
			productRefGroup = CE471EC51BBB64EA00F13089 /* Products */;
			projectDirPath = "";
			projectRoot = "";
			targets = (
				CE471EC31BBB64EA00F13089 /* NoiseMaker */,
				CE471EDA1BBB64EA00F13089 /* NoiseMakerTests */,
				CE471EE51BBB64EA00F13089 /* NoiseMakerUITests */,
			);
		};
/* End PBXProject section */

/* Begin PBXResourcesBuildPhase section */
		CE471EC21BBB64EA00F13089 /* Resources */ = {
			isa = PBXResourcesBuildPhase;
			buildActionMask = 2147483647;
			files = (
				CE471ED51BBB64EA00F13089 /* LaunchScreen.storyboard in Resources */,
				CE471ED21BBB64EA00F13089 /* Assets.xcassets in Resources */,
				CE471ECD1BBB64EA00F13089 /* Main.storyboard in Resources */,
			);
			runOnlyForDeploymentPostprocessing = 0;
		};
		CE471ED91BBB64EA00F13089 /* Resources */ = {
			isa = PBXResourcesBuildPhase;
			buildActionMask = 2147483647;
			files = (
			);
			runOnlyForDeploymentPostprocessing = 0;
		};
		CE471EE41BBB64EA00F13089 /* Resources */ = {
			isa = PBXResourcesBuildPhase;
			buildActionMask = 2147483647;
			files = (
			);
			runOnlyForDeploymentPostprocessing = 0;
		};
/* End PBXResourcesBuildPhase section */

/* Begin PBXSourcesBuildPhase section */
		CE471EC01BBB64EA00F13089 /* Sources */ = {
			isa = PBXSourcesBuildPhase;
			buildActionMask = 2147483647;
			files = (
				CE471ECA1BBB64EA00F13089 /* NoiseListViewController.swift in Sources */,
				CE471EC81BBB64EA00F13089 /* AppDelegate.swift in Sources */,
				CE57264B1BD834080080B4D9 /* Noise+CoreDataProperties.swift in Sources */,
				CE471ED01BBB64EA00F13089 /* NoiseMaker.xcdatamodeld in Sources */,
				CE57264C1BD834080080B4D9 /* Noise.swift in Sources */,
				CEC0B88B1BCDDD4A00077CB9 /* NewNoiseViewController.swift in Sources */,
			);
			runOnlyForDeploymentPostprocessing = 0;
		};
		CE471ED71BBB64EA00F13089 /* Sources */ = {
			isa = PBXSourcesBuildPhase;
			buildActionMask = 2147483647;
			files = (
				CE471EE01BBB64EA00F13089 /* NoiseMakerTests.swift in Sources */,
			);
			runOnlyForDeploymentPostprocessing = 0;
		};
		CE471EE21BBB64EA00F13089 /* Sources */ = {
			isa = PBXSourcesBuildPhase;
			buildActionMask = 2147483647;
			files = (
				CE471EEB1BBB64EA00F13089 /* NoiseMakerUITests.swift in Sources */,
			);
			runOnlyForDeploymentPostprocessing = 0;
		};
/* End PBXSourcesBuildPhase section */

/* Begin PBXTargetDependency section */
		CE471EDD1BBB64EA00F13089 /* PBXTargetDependency */ = {
			isa = PBXTargetDependency;
			target = CE471EC31BBB64EA00F13089 /* NoiseMaker */;
			targetProxy = CE471EDC1BBB64EA00F13089 /* PBXContainerItemProxy */;
		};
		CE471EE81BBB64EA00F13089 /* PBXTargetDependency */ = {
			isa = PBXTargetDependency;
			target = CE471EC31BBB64EA00F13089 /* NoiseMaker */;
			targetProxy = CE471EE71BBB64EA00F13089 /* PBXContainerItemProxy */;
		};
/* End PBXTargetDependency section */

/* Begin PBXVariantGroup section */
		CE471ECB1BBB64EA00F13089 /* Main.storyboard */ = {
			isa = PBXVariantGroup;
			children = (
				CE471ECC1BBB64EA00F13089 /* Base */,
			);
			name = Main.storyboard;
			sourceTree = "<group>";
		};
		CE471ED31BBB64EA00F13089 /* LaunchScreen.storyboard */ = {
			isa = PBXVariantGroup;
			children = (
				CE471ED41BBB64EA00F13089 /* Base */,
			);
			name = LaunchScreen.storyboard;
			sourceTree = "<group>";
		};
/* End PBXVariantGroup section */

/* Begin XCBuildConfiguration section */
		CE471EED1BBB64EA00F13089 /* Debug */ = {
			isa = XCBuildConfiguration;
			buildSettings = {
				ALWAYS_SEARCH_USER_PATHS = NO;
				CLANG_CXX_LANGUAGE_STANDARD = "gnu++0x";
				CLANG_CXX_LIBRARY = "libc++";
				CLANG_ENABLE_MODULES = YES;
				CLANG_ENABLE_OBJC_ARC = YES;
				CLANG_WARN_BOOL_CONVERSION = YES;
				CLANG_WARN_CONSTANT_CONVERSION = YES;
				CLANG_WARN_DIRECT_OBJC_ISA_USAGE = YES_ERROR;
				CLANG_WARN_EMPTY_BODY = YES;
				CLANG_WARN_ENUM_CONVERSION = YES;
				CLANG_WARN_INT_CONVERSION = YES;
				CLANG_WARN_OBJC_ROOT_CLASS = YES_ERROR;
				CLANG_WARN_UNREACHABLE_CODE = YES;
				CLANG_WARN__DUPLICATE_METHOD_MATCH = YES;
				"CODE_SIGN_IDENTITY[sdk=iphoneos*]" = "iPhone Developer";
				COPY_PHASE_STRIP = NO;
				DEBUG_INFORMATION_FORMAT = dwarf;
				ENABLE_STRICT_OBJC_MSGSEND = YES;
				ENABLE_TESTABILITY = YES;
				GCC_C_LANGUAGE_STANDARD = gnu99;
				GCC_DYNAMIC_NO_PIC = NO;
				GCC_NO_COMMON_BLOCKS = YES;
				GCC_OPTIMIZATION_LEVEL = 0;
				GCC_PREPROCESSOR_DEFINITIONS = (
					"DEBUG=1",
					"$(inherited)",
				);
				GCC_WARN_64_TO_32_BIT_CONVERSION = YES;
				GCC_WARN_ABOUT_RETURN_TYPE = YES_ERROR;
				GCC_WARN_UNDECLARED_SELECTOR = YES;
				GCC_WARN_UNINITIALIZED_AUTOS = YES_AGGRESSIVE;
				GCC_WARN_UNUSED_FUNCTION = YES;
				GCC_WARN_UNUSED_VARIABLE = YES;
				IPHONEOS_DEPLOYMENT_TARGET = 9.0;
				MTL_ENABLE_DEBUG_INFO = YES;
				ONLY_ACTIVE_ARCH = YES;
				SDKROOT = iphoneos;
				SWIFT_OPTIMIZATION_LEVEL = "-Onone";
				TARGETED_DEVICE_FAMILY = "1,2";
			};
			name = Debug;
		};
		CE471EEE1BBB64EA00F13089 /* Release */ = {
			isa = XCBuildConfiguration;
			buildSettings = {
				ALWAYS_SEARCH_USER_PATHS = NO;
				CLANG_CXX_LANGUAGE_STANDARD = "gnu++0x";
				CLANG_CXX_LIBRARY = "libc++";
				CLANG_ENABLE_MODULES = YES;
				CLANG_ENABLE_OBJC_ARC = YES;
				CLANG_WARN_BOOL_CONVERSION = YES;
				CLANG_WARN_CONSTANT_CONVERSION = YES;
				CLANG_WARN_DIRECT_OBJC_ISA_USAGE = YES_ERROR;
				CLANG_WARN_EMPTY_BODY = YES;
				CLANG_WARN_ENUM_CONVERSION = YES;
				CLANG_WARN_INT_CONVERSION = YES;
				CLANG_WARN_OBJC_ROOT_CLASS = YES_ERROR;
				CLANG_WARN_UNREACHABLE_CODE = YES;
				CLANG_WARN__DUPLICATE_METHOD_MATCH = YES;
				"CODE_SIGN_IDENTITY[sdk=iphoneos*]" = "iPhone Developer";
				COPY_PHASE_STRIP = NO;
				DEBUG_INFORMATION_FORMAT = "dwarf-with-dsym";
				ENABLE_NS_ASSERTIONS = NO;
				ENABLE_STRICT_OBJC_MSGSEND = YES;
				GCC_C_LANGUAGE_STANDARD = gnu99;
				GCC_NO_COMMON_BLOCKS = YES;
				GCC_WARN_64_TO_32_BIT_CONVERSION = YES;
				GCC_WARN_ABOUT_RETURN_TYPE = YES_ERROR;
				GCC_WARN_UNDECLARED_SELECTOR = YES;
				GCC_WARN_UNINITIALIZED_AUTOS = YES_AGGRESSIVE;
				GCC_WARN_UNUSED_FUNCTION = YES;
				GCC_WARN_UNUSED_VARIABLE = YES;
				IPHONEOS_DEPLOYMENT_TARGET = 9.0;
				MTL_ENABLE_DEBUG_INFO = NO;
				SDKROOT = iphoneos;
				TARGETED_DEVICE_FAMILY = "1,2";
				VALIDATE_PRODUCT = YES;
			};
			name = Release;
		};
		CE471EF01BBB64EA00F13089 /* Debug */ = {
			isa = XCBuildConfiguration;
			buildSettings = {
				ASSETCATALOG_COMPILER_APPICON_NAME = AppIcon;
				INFOPLIST_FILE = NoiseMaker/Info.plist;
				LD_RUNPATH_SEARCH_PATHS = "$(inherited) @executable_path/Frameworks";
				PRODUCT_BUNDLE_IDENTIFIER = "com.G-C-Solutions.NoiseMaker";
				PRODUCT_NAME = "$(TARGET_NAME)";
			};
			name = Debug;
		};
		CE471EF11BBB64EA00F13089 /* Release */ = {
			isa = XCBuildConfiguration;
			buildSettings = {
				ASSETCATALOG_COMPILER_APPICON_NAME = AppIcon;
				INFOPLIST_FILE = NoiseMaker/Info.plist;
				LD_RUNPATH_SEARCH_PATHS = "$(inherited) @executable_path/Frameworks";
				PRODUCT_BUNDLE_IDENTIFIER = "com.G-C-Solutions.NoiseMaker";
				PRODUCT_NAME = "$(TARGET_NAME)";
			};
			name = Release;
		};
		CE471EF31BBB64EA00F13089 /* Debug */ = {
			isa = XCBuildConfiguration;
			buildSettings = {
				BUNDLE_LOADER = "$(TEST_HOST)";
				INFOPLIST_FILE = NoiseMakerTests/Info.plist;
				LD_RUNPATH_SEARCH_PATHS = "$(inherited) @executable_path/Frameworks @loader_path/Frameworks";
				PRODUCT_BUNDLE_IDENTIFIER = "com.G-C-Solutions.NoiseMakerTests";
				PRODUCT_NAME = "$(TARGET_NAME)";
				TEST_HOST = "$(BUILT_PRODUCTS_DIR)/NoiseMaker.app/NoiseMaker";
			};
			name = Debug;
		};
		CE471EF41BBB64EA00F13089 /* Release */ = {
			isa = XCBuildConfiguration;
			buildSettings = {
				BUNDLE_LOADER = "$(TEST_HOST)";
				INFOPLIST_FILE = NoiseMakerTests/Info.plist;
				LD_RUNPATH_SEARCH_PATHS = "$(inherited) @executable_path/Frameworks @loader_path/Frameworks";
				PRODUCT_BUNDLE_IDENTIFIER = "com.G-C-Solutions.NoiseMakerTests";
				PRODUCT_NAME = "$(TARGET_NAME)";
				TEST_HOST = "$(BUILT_PRODUCTS_DIR)/NoiseMaker.app/NoiseMaker";
			};
			name = Release;
		};
		CE471EF61BBB64EA00F13089 /* Debug */ = {
			isa = XCBuildConfiguration;
			buildSettings = {
				INFOPLIST_FILE = NoiseMakerUITests/Info.plist;
				LD_RUNPATH_SEARCH_PATHS = "$(inherited) @executable_path/Frameworks @loader_path/Frameworks";
				PRODUCT_BUNDLE_IDENTIFIER = "com.G-C-Solutions.NoiseMakerUITests";
				PRODUCT_NAME = "$(TARGET_NAME)";
				TEST_TARGET_NAME = NoiseMaker;
				USES_XCTRUNNER = YES;
			};
			name = Debug;
		};
		CE471EF71BBB64EA00F13089 /* Release */ = {
			isa = XCBuildConfiguration;
			buildSettings = {
				INFOPLIST_FILE = NoiseMakerUITests/Info.plist;
				LD_RUNPATH_SEARCH_PATHS = "$(inherited) @executable_path/Frameworks @loader_path/Frameworks";
				PRODUCT_BUNDLE_IDENTIFIER = "com.G-C-Solutions.NoiseMakerUITests";
				PRODUCT_NAME = "$(TARGET_NAME)";
				TEST_TARGET_NAME = NoiseMaker;
				USES_XCTRUNNER = YES;
			};
			name = Release;
		};
/* End XCBuildConfiguration section */

/* Begin XCConfigurationList section */
		CE471EBF1BBB64EA00F13089 /* Build configuration list for PBXProject "NoiseMaker" */ = {
			isa = XCConfigurationList;
			buildConfigurations = (
				CE471EED1BBB64EA00F13089 /* Debug */,
				CE471EEE1BBB64EA00F13089 /* Release */,
			);
			defaultConfigurationIsVisible = 0;
			defaultConfigurationName = Release;
		};
		CE471EEF1BBB64EA00F13089 /* Build configuration list for PBXNativeTarget "NoiseMaker" */ = {
			isa = XCConfigurationList;
			buildConfigurations = (
				CE471EF01BBB64EA00F13089 /* Debug */,
				CE471EF11BBB64EA00F13089 /* Release */,
			);
			defaultConfigurationIsVisible = 0;
			defaultConfigurationName = Release;
		};
		CE471EF21BBB64EA00F13089 /* Build configuration list for PBXNativeTarget "NoiseMakerTests" */ = {
			isa = XCConfigurationList;
			buildConfigurations = (
				CE471EF31BBB64EA00F13089 /* Debug */,
				CE471EF41BBB64EA00F13089 /* Release */,
			);
			defaultConfigurationIsVisible = 0;
			defaultConfigurationName = Release;
		};
		CE471EF51BBB64EA00F13089 /* Build configuration list for PBXNativeTarget "NoiseMakerUITests" */ = {
			isa = XCConfigurationList;
			buildConfigurations = (
				CE471EF61BBB64EA00F13089 /* Debug */,
				CE471EF71BBB64EA00F13089 /* Release */,
			);
			defaultConfigurationIsVisible = 0;
			defaultConfigurationName = Release;
		};
/* End XCConfigurationList section */

/* Begin XCVersionGroup section */
		CE471ECE1BBB64EA00F13089 /* NoiseMaker.xcdatamodeld */ = {
			isa = XCVersionGroup;
			children = (
				CE471ECF1BBB64EA00F13089 /* NoiseMaker.xcdatamodel */,
			);
			currentVersion = CE471ECF1BBB64EA00F13089 /* NoiseMaker.xcdatamodel */;
			path = NoiseMaker.xcdatamodeld;
			sourceTree = "<group>";
			versionGroupType = wrapper.xcdatamodel;
		};
/* End XCVersionGroup section */
	};
	rootObject = CE471EBC1BBB64EA00F13089 /* Project object */;
}
